
Microsoft Visual Studio Solution File, Format Version 12.00
# Visual Studio Version 17
VisualStudioVersion = 17.5.33516.290
MinimumVisualStudioVersion = 10.0.40219.1
Project("{8BC9CEB8-8B4A-11D0-8D11-00A0C91BC942}") = "MineraçãoOpiniãoAVL", "ComparaçãoÁrvores.vcxproj", "{F759AB06-B2E9-4213-9428-1365EB517FDC}"
EndProject
Project("{2150E333-8FDC-42A3-9474-1A3956D46DE8}") = "Itens de Solução", "Itens de Solução", "{2AC6C5E4-9A36-425B-81E3-158E5514F834}"
	ProjectSection(SolutionItems) = preProject
		lexico-en-shuf.txt = lexico-en-shuf.txt
		lexico-en.txt = lexico-en.txt
		lexico-en2-shuf.txt = lexico-en2-shuf.txt
		lexico-en2.txt = lexico-en2.txt
		movieReviews1000.txt = movieReviews1000.txt
		x64\Release\original_rt_snippets.txt = x64\Release\original_rt_snippets.txt
		saida.txt = saida.txt
	EndProjectSection
EndProject
Project("{8BC9CEB8-8B4A-11D0-8D11-00A0C91BC942}") = "MineraçãoOpiniãoABP", "..\MineraçãoOpiniãoABP\MineraçãoOpiniãoABP.vcxproj", "{E47BF84C-F7AD-433A-B244-6C0D3F8CDA8A}"
EndProject
Global
	GlobalSection(SolutionConfigurationPlatforms) = preSolution
		Debug|x64 = Debug|x64
		Debug|x86 = Debug|x86
		Release|x64 = Release|x64
		Release|x86 = Release|x86
	EndGlobalSection
	GlobalSection(ProjectConfigurationPlatforms) = postSolution
		{F759AB06-B2E9-4213-9428-1365EB517FDC}.Debug|x64.ActiveCfg = Debug|x64
		{F759AB06-B2E9-4213-9428-1365EB517FDC}.Debug|x64.Build.0 = Debug|x64
		{F759AB06-B2E9-4213-9428-1365EB517FDC}.Debug|x86.ActiveCfg = Debug|Win32
		{F759AB06-B2E9-4213-9428-1365EB517FDC}.Debug|x86.Build.0 = Debug|Win32
		{F759AB06-B2E9-4213-9428-1365EB517FDC}.Release|x64.ActiveCfg = Release|x64
		{F759AB06-B2E9-4213-9428-1365EB517FDC}.Release|x64.Build.0 = Release|x64
		{F759AB06-B2E9-4213-9428-1365EB517FDC}.Release|x86.ActiveCfg = Release|Win32
		{F759AB06-B2E9-4213-9428-1365EB517FDC}.Release|x86.Build.0 = Release|Win32
		{E47BF84C-F7AD-433A-B244-6C0D3F8CDA8A}.Debug|x64.ActiveCfg = Debug|x64
		{E47BF84C-F7AD-433A-B244-6C0D3F8CDA8A}.Debug|x64.Build.0 = Debug|x64
		{E47BF84C-F7AD-433A-B244-6C0D3F8CDA8A}.Debug|x86.ActiveCfg = Debug|Win32
		{E47BF84C-F7AD-433A-B244-6C0D3F8CDA8A}.Debug|x86.Build.0 = Debug|Win32
		{E47BF84C-F7AD-433A-B244-6C0D3F8CDA8A}.Release|x64.ActiveCfg = Release|x64
		{E47BF84C-F7AD-433A-B244-6C0D3F8CDA8A}.Release|x64.Build.0 = Release|x64
		{E47BF84C-F7AD-433A-B244-6C0D3F8CDA8A}.Release|x86.ActiveCfg = Release|Win32
		{E47BF84C-F7AD-433A-B244-6C0D3F8CDA8A}.Release|x86.Build.0 = Release|Win32
	EndGlobalSection
	GlobalSection(SolutionProperties) = preSolution
		HideSolutionNode = FALSE
	EndGlobalSection
	GlobalSection(ExtensibilityGlobals) = postSolution
		SolutionGuid = {14D41123-0CFF-4B5D-9197-12FE9AC39617}
	EndGlobalSection
EndGlobal
